{
  "name": "@kwirthmagnify/kwirth-common-back",
  "version": "0.1.0",
  "lockfileVersion": 3,
  "requires": true,
  "packages": {
    "": {
      "name": "@kwirthmagnify/kwirth-common-back",
      "version": "0.1.0",
      "license": "ISC",
      "dependencies": {
        "@kwirthmagnify/kwirth-common": "^0.5.2"
      },
      "devDependencies": {
        "typescript": "^5.8.3"
      }
    },
    "node_modules/@kwirthmagnify/kwirth-common": {
      "version": "0.5.2",
      "resolved": "https://registry.npmjs.org/@kwirthmagnify/kwirth-common/-/kwirth-common-0.5.2.tgz",
      "integrity": "sha512-ymRA6Gt+67+IVdpEhKJxTRMSMlxFMajgO1E98xSY+LRqONK6/k9G8VwgI/VrqBn7eBjhnm1+VOwgB7FJGbKaQg==",
      "license": "ISC",
      "dependencies": {
        "@kwirthmagnify/kwirth-common": "^0.5.1",
        "uuid": "^11.1.0"
      }
    },
    "node_modules/typescript": {
      "version": "5.9.3",
      "resolved": "https://registry.npmjs.org/typescript/-/typescript-5.9.3.tgz",
      "integrity": "sha512-jl1vZzPDinLr9eUt3J/t7V6FgNEw9QjvBPdysz9KfQDD41fQrC2Y4vKQdiaUpFT4bXlb1RHhLpp8wtm6M5TgSw==",
      "dev": true,
      "license": "Apache-2.0",
      "bin": {
        "tsc": "bin/tsc",
        "tsserver": "bin/tsserver"
      },
      "engines": {
        "node": ">=14.17"
      }
    },
    "node_modules/uuid": {
      "version": "11.1.1",
      "resolved": "https://registry.npmjs.org/uuid/-/uuid-11.1.1.tgz",
      "integrity": "sha512-vIYxrBCC/N/K+Js3qSN88go7kIfNPssr/hHCesKCQNAjmgvYS2oqr69kIufEG+O4+PfezOH4EbIeHCfFov8ZgQ==",
      "funding": [
        "https://github.com/sponsors/broofa",
        "https://github.com/sponsors/ctavan"
      ],
      "license": "MIT",
      "bin": {
        "uuid": "dist/esm/bin/uuid"
      }
    }
  }
}
